
Microsoft Visual Studio Solution File, Format Version 12.00
# Visual Studio Version 16
VisualStudioVersion = 16.0.31019.35
MinimumVisualStudioVersion = 10.0.40219.1
Project("{FAE04EC0-301F-11D3-BF4B-00C04F79EFBC}") = "PrakRab_08", "PrakRab_08\PrakRab_08.csproj", "{DAE2400C-3126-4EBC-9060-9CF1D923248F}"
EndProject
Global
	GlobalSection(SolutionConfigurationPlatforms) = preSolution
		Debug|Any CPU = Debug|Any CPU
		Release|Any CPU = Release|Any CPU
	EndGlobalSection
	GlobalSection(ProjectConfigurationPlatforms) = postSolution
		{DAE2400C-3126-4EBC-9060-9CF1D923248F}.Debug|Any CPU.ActiveCfg = Debug|Any CPU
		{DAE2400C-3126-4EBC-9060-9CF1D923248F}.Debug|Any CPU.Build.0 = Debug|Any CPU
		{DAE2400C-3126-4EBC-9060-9CF1D923248F}.Release|Any CPU.ActiveCfg = Release|Any CPU
		{DAE2400C-3126-4EBC-9060-9CF1D923248F}.Release|Any CPU.Build.0 = Release|Any CPU
	EndGlobalSection
	GlobalSection(SolutionProperties) = preSolution
		HideSolutionNode = FALSE
	EndGlobalSection
	GlobalSection(ExtensibilityGlobals) = postSolution
		SolutionGuid = {6F6E4125-A825-40FC-937C-FA9C36ADDA2B}
	EndGlobalSection
EndGlobal
